
Microsoft Visual Studio Solution File, Format Version 12.00
# Visual Studio Version 17
VisualStudioVersion = 17.9.34728.123
MinimumVisualStudioVersion = 10.0.40219.1
Project("{FAE04EC0-301F-11D3-BF4B-00C04F79EFBC}") = "RabbitRateLimiter", "RabbitRateLimiter\RabbitRateLimiter.csproj", "{0B9FA102-6F48-44CE-A8D8-D9CA274C2105}"
EndProject
Global
	GlobalSection(SolutionConfigurationPlatforms) = preSolution
		Debug|Any CPU = Debug|Any CPU
		Release|Any CPU = Release|Any CPU
	EndGlobalSection
	GlobalSection(ProjectConfigurationPlatforms) = postSolution
		{0B9FA102-6F48-44CE-A8D8-D9CA274C2105}.Debug|Any CPU.ActiveCfg = Debug|Any CPU
		{0B9FA102-6F48-44CE-A8D8-D9CA274C2105}.Debug|Any CPU.Build.0 = Debug|Any CPU
		{0B9FA102-6F48-44CE-A8D8-D9CA274C2105}.Release|Any CPU.ActiveCfg = Release|Any CPU
		{0B9FA102-6F48-44CE-A8D8-D9CA274C2105}.Release|Any CPU.Build.0 = Release|Any CPU
	EndGlobalSection
	GlobalSection(SolutionProperties) = preSolution
		HideSolutionNode = FALSE
	EndGlobalSection
	GlobalSection(ExtensibilityGlobals) = postSolution
		SolutionGuid = {E6DA3372-D8EB-4151-AA00-59E0A25A1E8E}
	EndGlobalSection
EndGlobal
